<?xml version="1.0" encoding="utf-8"?>
<Project ToolsVersion="17.0" xmlns="http://schemas.microsoft.com/developer/msbuild/2003">
  <ItemGroup>
    <ClCompile Include="C:\Users\Ev\Desktop\Projects\GoknarEngineEditor\Build_Debug\Goknar\CMakeFiles\GOKNAR.dir\cmake_pch.cxx">
      <Filter>Source Files</Filter>
    </ClCompile>
    <ClCompile Include="C:\Users\Ev\Desktop\Projects\GoknarEngineEditor\GoknarEngine\Goknar\Source\pch.cpp">
      <Filter>Source</Filter>
    </ClCompile>
    <ClCompile Include="C:\Users\Ev\Desktop\Projects\GoknarEngineEditor\GoknarEngine\Goknar\Source\Goknar\Application.cpp">
      <Filter>Source\Goknar</Filter>
    </ClCompile>
    <ClCompile Include="C:\Users\Ev\Desktop\Projects\GoknarEngineEditor\GoknarEngine\Goknar\Source\Goknar\Camera.cpp">
      <Filter>Source\Goknar</Filter>
    </ClCompile>
    <ClCompile Include="C:\Users\Ev\Desktop\Projects\GoknarEngineEditor\GoknarEngine\Goknar\Source\Goknar\Color.cpp">
      <Filter>Source\Goknar</Filter>
    </ClCompile>
    <ClCompile Include="C:\Users\Ev\Desktop\Projects\GoknarEngineEditor\GoknarEngine\Goknar\Source\Goknar\Controller.cpp">
      <Filter>Source\Goknar</Filter>
    </ClCompile>
    <ClCompile Include="C:\Users\Ev\Desktop\Projects\GoknarEngineEditor\GoknarEngine\Goknar\Source\Goknar\Core.cpp">
      <Filter>Source\Goknar</Filter>
    </ClCompile>
    <ClCompile Include="C:\Users\Ev\Desktop\Projects\GoknarEngineEditor\GoknarEngine\Goknar\Source\Goknar\Engine.cpp">
      <Filter>Source\Goknar</Filter>
    </ClCompile>
    <ClCompile Include="C:\Users\Ev\Desktop\Projects\GoknarEngineEditor\GoknarEngine\Goknar\Source\Goknar\Log.cpp">
      <Filter>Source\Goknar</Filter>
    </ClCompile>
    <ClCompile Include="C:\Users\Ev\Desktop\Projects\GoknarEngineEditor\GoknarEngine\Goknar\Source\Goknar\ObjectBase.cpp">
      <Filter>Source\Goknar</Filter>
    </ClCompile>
    <ClCompile Include="C:\Users\Ev\Desktop\Projects\GoknarEngineEditor\GoknarEngine\Goknar\Source\Goknar\Scene.cpp">
      <Filter>Source\Goknar</Filter>
    </ClCompile>
    <ClCompile Include="C:\Users\Ev\Desktop\Projects\GoknarEngineEditor\GoknarEngine\Goknar\Source\Goknar\TimeDependentObject.cpp">
      <Filter>Source\Goknar</Filter>
    </ClCompile>
    <ClCompile Include="C:\Users\Ev\Desktop\Projects\GoknarEngineEditor\GoknarEngine\Goknar\Source\Goknar\Timer.cpp">
      <Filter>Source\Goknar</Filter>
    </ClCompile>
    <ClCompile Include="C:\Users\Ev\Desktop\Projects\GoknarEngineEditor\GoknarEngine\Goknar\Source\Goknar\Components\CameraComponent.cpp">
      <Filter>Source\Goknar\Components</Filter>
    </ClCompile>
    <ClCompile Include="C:\Users\Ev\Desktop\Projects\GoknarEngineEditor\GoknarEngine\Goknar\Source\Goknar\Components\Component.cpp">
      <Filter>Source\Goknar\Components</Filter>
    </ClCompile>
    <ClCompile Include="C:\Users\Ev\Desktop\Projects\GoknarEngineEditor\GoknarEngine\Goknar\Source\Goknar\Components\DynamicMeshComponent.cpp">
      <Filter>Source\Goknar\Components</Filter>
    </ClCompile>
    <ClCompile Include="C:\Users\Ev\Desktop\Projects\GoknarEngineEditor\GoknarEngine\Goknar\Source\Goknar\Components\MeshComponent.cpp">
      <Filter>Source\Goknar\Components</Filter>
    </ClCompile>
    <ClCompile Include="C:\Users\Ev\Desktop\Projects\GoknarEngineEditor\GoknarEngine\Goknar\Source\Goknar\Components\RenderComponent.cpp">
      <Filter>Source\Goknar\Components</Filter>
    </ClCompile>
    <ClCompile Include="C:\Users\Ev\Desktop\Projects\GoknarEngineEditor\GoknarEngine\Goknar\Source\Goknar\Components\SkeletalMeshComponent.cpp">
      <Filter>Source\Goknar\Components</Filter>
    </ClCompile>
    <ClCompile Include="C:\Users\Ev\Desktop\Projects\GoknarEngineEditor\GoknarEngine\Goknar\Source\Goknar\Components\SocketComponent.cpp">
      <Filter>Source\Goknar\Components</Filter>
    </ClCompile>
    <ClCompile Include="C:\Users\Ev\Desktop\Projects\GoknarEngineEditor\GoknarEngine\Goknar\Source\Goknar\Components\StaticMeshComponent.cpp">
      <Filter>Source\Goknar\Components</Filter>
    </ClCompile>
    <ClCompile Include="C:\Users\Ev\Desktop\Projects\GoknarEngineEditor\GoknarEngine\Goknar\Source\Goknar\Contents\Audio.cpp">
      <Filter>Source\Goknar\Contents</Filter>
    </ClCompile>
    <ClCompile Include="C:\Users\Ev\Desktop\Projects\GoknarEngineEditor\GoknarEngine\Goknar\Source\Goknar\Contents\Content.cpp">
      <Filter>Source\Goknar\Contents</Filter>
    </ClCompile>
    <ClCompile Include="C:\Users\Ev\Desktop\Projects\GoknarEngineEditor\GoknarEngine\Goknar\Source\Goknar\Contents\Image.cpp">
      <Filter>Source\Goknar\Contents</Filter>
    </ClCompile>
    <ClCompile Include="C:\Users\Ev\Desktop\Projects\GoknarEngineEditor\GoknarEngine\Goknar\Source\Goknar\Containers\List.cpp">
      <Filter>Source\Goknar\Containers</Filter>
    </ClCompile>
    <ClCompile Include="C:\Users\Ev\Desktop\Projects\GoknarEngineEditor\GoknarEngine\Goknar\Source\Goknar\Containers\Node.cpp">
      <Filter>Source\Goknar\Containers</Filter>
    </ClCompile>
    <ClCompile Include="C:\Users\Ev\Desktop\Projects\GoknarEngineEditor\GoknarEngine\Goknar\Source\Goknar\Debug\DebugDrawer.cpp">
      <Filter>Source\Goknar\Debug</Filter>
    </ClCompile>
    <ClCompile Include="C:\Users\Ev\Desktop\Projects\GoknarEngineEditor\GoknarEngine\Goknar\Source\Goknar\Delegates\DemoEntryPoint.cpp">
      <Filter>Source\Goknar\Delegates</Filter>
    </ClCompile>
    <ClCompile Include="C:\Users\Ev\Desktop\Projects\GoknarEngineEditor\GoknarEngine\Goknar\Source\Goknar\Delegates\stdafx.cpp">
      <Filter>Source\Goknar\Delegates</Filter>
    </ClCompile>
    <ClCompile Include="C:\Users\Ev\Desktop\Projects\GoknarEngineEditor\GoknarEngine\Goknar\Source\Goknar\Editor\Editor.cpp">
      <Filter>Source\Goknar\Editor</Filter>
    </ClCompile>
    <ClCompile Include="C:\Users\Ev\Desktop\Projects\GoknarEngineEditor\GoknarEngine\Goknar\Source\Goknar\Editor\EditorCameraController.cpp">
      <Filter>Source\Goknar\Editor</Filter>
    </ClCompile>
    <ClCompile Include="C:\Users\Ev\Desktop\Projects\GoknarEngineEditor\GoknarEngine\Goknar\Source\Goknar\Editor\EditorGroundGrid.cpp">
      <Filter>Source\Goknar\Editor</Filter>
    </ClCompile>
    <ClCompile Include="C:\Users\Ev\Desktop\Projects\GoknarEngineEditor\GoknarEngine\Goknar\Source\Goknar\Geometry\Box.cpp">
      <Filter>Source\Goknar\Geometry</Filter>
    </ClCompile>
    <ClCompile Include="C:\Users\Ev\Desktop\Projects\GoknarEngineEditor\GoknarEngine\Goknar\Source\Goknar\Geometry\Rect.cpp">
      <Filter>Source\Goknar\Geometry</Filter>
    </ClCompile>
    <ClCompile Include="C:\Users\Ev\Desktop\Projects\GoknarEngineEditor\GoknarEngine\Goknar\Source\Goknar\Helpers\SceneParser.cpp">
      <Filter>Source\Goknar\Helpers</Filter>
    </ClCompile>
    <ClCompile Include="C:\Users\Ev\Desktop\Projects\GoknarEngineEditor\GoknarEngine\Goknar\Source\Goknar\Helpers\tinyxml2.cpp">
      <Filter>Source\Goknar\Helpers</Filter>
    </ClCompile>
    <ClCompile Include="C:\Users\Ev\Desktop\Projects\GoknarEngineEditor\GoknarEngine\Goknar\Source\Goknar\IO\IOManager.cpp">
      <Filter>Source\Goknar\IO</Filter>
    </ClCompile>
    <ClCompile Include="C:\Users\Ev\Desktop\Projects\GoknarEngineEditor\GoknarEngine\Goknar\Source\Goknar\IO\ModelLoader.cpp">
      <Filter>Source\Goknar\IO</Filter>
    </ClCompile>
    <ClCompile Include="C:\Users\Ev\Desktop\Projects\GoknarEngineEditor\GoknarEngine\Goknar\Source\Goknar\Lights\DirectionalLight.cpp">
      <Filter>Source\Goknar\Lights</Filter>
    </ClCompile>
    <ClCompile Include="C:\Users\Ev\Desktop\Projects\GoknarEngineEditor\GoknarEngine\Goknar\Source\Goknar\Lights\Light.cpp">
      <Filter>Source\Goknar\Lights</Filter>
    </ClCompile>
    <ClCompile Include="C:\Users\Ev\Desktop\Projects\GoknarEngineEditor\GoknarEngine\Goknar\Source\Goknar\Lights\PointLight.cpp">
      <Filter>Source\Goknar\Lights</Filter>
    </ClCompile>
    <ClCompile Include="C:\Users\Ev\Desktop\Projects\GoknarEngineEditor\GoknarEngine\Goknar\Source\Goknar\Lights\SpotLight.cpp">
      <Filter>Source\Goknar\Lights</Filter>
    </ClCompile>
    <ClCompile Include="C:\Users\Ev\Desktop\Projects\GoknarEngineEditor\GoknarEngine\Goknar\Source\Goknar\Lights\LightManager\LightManager.cpp">
      <Filter>Source\Goknar\Lights\LightManager</Filter>
    </ClCompile>
    <ClCompile Include="C:\Users\Ev\Desktop\Projects\GoknarEngineEditor\GoknarEngine\Goknar\Source\Goknar\Managers\CameraManager.cpp">
      <Filter>Source\Goknar\Managers</Filter>
    </ClCompile>
    <ClCompile Include="C:\Users\Ev\Desktop\Projects\GoknarEngineEditor\GoknarEngine\Goknar\Source\Goknar\Managers\InputManager.cpp">
      <Filter>Source\Goknar\Managers</Filter>
    </ClCompile>
    <ClCompile Include="C:\Users\Ev\Desktop\Projects\GoknarEngineEditor\GoknarEngine\Goknar\Source\Goknar\Managers\ObjectIDManager.cpp">
      <Filter>Source\Goknar\Managers</Filter>
    </ClCompile>
    <ClCompile Include="C:\Users\Ev\Desktop\Projects\GoknarEngineEditor\GoknarEngine\Goknar\Source\Goknar\Managers\ObjectManager.cpp">
      <Filter>Source\Goknar\Managers</Filter>
    </ClCompile>
    <ClCompile Include="C:\Users\Ev\Desktop\Projects\GoknarEngineEditor\GoknarEngine\Goknar\Source\Goknar\Managers\ResourceManager.cpp">
      <Filter>Source\Goknar\Managers</Filter>
    </ClCompile>
    <ClCompile Include="C:\Users\Ev\Desktop\Projects\GoknarEngineEditor\GoknarEngine\Goknar\Source\Goknar\Managers\WindowManager.cpp">
      <Filter>Source\Goknar\Managers</Filter>
    </ClCompile>
    <ClCompile Include="C:\Users\Ev\Desktop\Projects\GoknarEngineEditor\GoknarEngine\Goknar\Source\Goknar\Materials\Material.cpp">
      <Filter>Source\Goknar\Materials</Filter>
    </ClCompile>
    <ClCompile Include="C:\Users\Ev\Desktop\Projects\GoknarEngineEditor\GoknarEngine\Goknar\Source\Goknar\Materials\MaterialBase.cpp">
      <Filter>Source\Goknar\Materials</Filter>
    </ClCompile>
    <ClCompile Include="C:\Users\Ev\Desktop\Projects\GoknarEngineEditor\GoknarEngine\Goknar\Source\Goknar\Materials\MaterialInstance.cpp">
      <Filter>Source\Goknar\Materials</Filter>
    </ClCompile>
    <ClCompile Include="C:\Users\Ev\Desktop\Projects\GoknarEngineEditor\GoknarEngine\Goknar\Source\Goknar\Math\GoknarMath.cpp">
      <Filter>Source\Goknar\Math</Filter>
    </ClCompile>
    <ClCompile Include="C:\Users\Ev\Desktop\Projects\GoknarEngineEditor\GoknarEngine\Goknar\Source\Goknar\Math\Matrix.cpp">
      <Filter>Source\Goknar\Math</Filter>
    </ClCompile>
    <ClCompile Include="C:\Users\Ev\Desktop\Projects\GoknarEngineEditor\GoknarEngine\Goknar\Source\Goknar\Math\Quaternion.cpp">
      <Filter>Source\Goknar\Math</Filter>
    </ClCompile>
    <ClCompile Include="C:\Users\Ev\Desktop\Projects\GoknarEngineEditor\GoknarEngine\Goknar\Source\Goknar\Model\DynamicMesh.cpp">
      <Filter>Source\Goknar\Model</Filter>
    </ClCompile>
    <ClCompile Include="C:\Users\Ev\Desktop\Projects\GoknarEngineEditor\GoknarEngine\Goknar\Source\Goknar\Model\DynamicMeshInstance.cpp">
      <Filter>Source\Goknar\Model</Filter>
    </ClCompile>
    <ClCompile Include="C:\Users\Ev\Desktop\Projects\GoknarEngineEditor\GoknarEngine\Goknar\Source\Goknar\Model\IMeshInstance.cpp">
      <Filter>Source\Goknar\Model</Filter>
    </ClCompile>
    <ClCompile Include="C:\Users\Ev\Desktop\Projects\GoknarEngineEditor\GoknarEngine\Goknar\Source\Goknar\Model\Mesh.cpp">
      <Filter>Source\Goknar\Model</Filter>
    </ClCompile>
    <ClCompile Include="C:\Users\Ev\Desktop\Projects\GoknarEngineEditor\GoknarEngine\Goknar\Source\Goknar\Model\MeshUnit.cpp">
      <Filter>Source\Goknar\Model</Filter>
    </ClCompile>
    <ClCompile Include="C:\Users\Ev\Desktop\Projects\GoknarEngineEditor\GoknarEngine\Goknar\Source\Goknar\Model\SkeletalMesh.cpp">
      <Filter>Source\Goknar\Model</Filter>
    </ClCompile>
    <ClCompile Include="C:\Users\Ev\Desktop\Projects\GoknarEngineEditor\GoknarEngine\Goknar\Source\Goknar\Model\SkeletalMeshInstance.cpp">
      <Filter>Source\Goknar\Model</Filter>
    </ClCompile>
    <ClCompile Include="C:\Users\Ev\Desktop\Projects\GoknarEngineEditor\GoknarEngine\Goknar\Source\Goknar\Model\StaticMesh.cpp">
      <Filter>Source\Goknar\Model</Filter>
    </ClCompile>
    <ClCompile Include="C:\Users\Ev\Desktop\Projects\GoknarEngineEditor\GoknarEngine\Goknar\Source\Goknar\Model\StaticMeshInstance.cpp">
      <Filter>Source\Goknar\Model</Filter>
    </ClCompile>
    <ClCompile Include="C:\Users\Ev\Desktop\Projects\GoknarEngineEditor\GoknarEngine\Goknar\Source\Goknar\Physics\Character.cpp">
      <Filter>Source\Goknar\Physics</Filter>
    </ClCompile>
    <ClCompile Include="C:\Users\Ev\Desktop\Projects\GoknarEngineEditor\GoknarEngine\Goknar\Source\Goknar\Physics\OverlappingPhysicsObject.cpp">
      <Filter>Source\Goknar\Physics</Filter>
    </ClCompile>
    <ClCompile Include="C:\Users\Ev\Desktop\Projects\GoknarEngineEditor\GoknarEngine\Goknar\Source\Goknar\Physics\PhysicsDebugger.cpp">
      <Filter>Source\Goknar\Physics</Filter>
    </ClCompile>
    <ClCompile Include="C:\Users\Ev\Desktop\Projects\GoknarEngineEditor\GoknarEngine\Goknar\Source\Goknar\Physics\PhysicsObject.cpp">
      <Filter>Source\Goknar\Physics</Filter>
    </ClCompile>
    <ClCompile Include="C:\Users\Ev\Desktop\Projects\GoknarEngineEditor\GoknarEngine\Goknar\Source\Goknar\Physics\PhysicsWorld.cpp">
      <Filter>Source\Goknar\Physics</Filter>
    </ClCompile>
    <ClCompile Include="C:\Users\Ev\Desktop\Projects\GoknarEngineEditor\GoknarEngine\Goknar\Source\Goknar\Physics\RigidBody.cpp">
      <Filter>Source\Goknar\Physics</Filter>
    </ClCompile>
    <ClCompile Include="C:\Users\Ev\Desktop\Projects\GoknarEngineEditor\GoknarEngine\Goknar\Source\Goknar\Physics\Components\BoxCollisionComponent.cpp">
      <Filter>Source\Goknar\Physics\Components</Filter>
    </ClCompile>
    <ClCompile Include="C:\Users\Ev\Desktop\Projects\GoknarEngineEditor\GoknarEngine\Goknar\Source\Goknar\Physics\Components\CapsuleCollisionComponent.cpp">
      <Filter>Source\Goknar\Physics\Components</Filter>
    </ClCompile>
    <ClCompile Include="C:\Users\Ev\Desktop\Projects\GoknarEngineEditor\GoknarEngine\Goknar\Source\Goknar\Physics\Components\CollisionComponent.cpp">
      <Filter>Source\Goknar\Physics\Components</Filter>
    </ClCompile>
    <ClCompile Include="C:\Users\Ev\Desktop\Projects\GoknarEngineEditor\GoknarEngine\Goknar\Source\Goknar\Physics\Components\MovingTriangleMeshCollisionComponent.cpp">
      <Filter>Source\Goknar\Physics\Components</Filter>
    </ClCompile>
    <ClCompile Include="C:\Users\Ev\Desktop\Projects\GoknarEngineEditor\GoknarEngine\Goknar\Source\Goknar\Physics\Components\MultipleCollisionComponent.cpp">
      <Filter>Source\Goknar\Physics\Components</Filter>
    </ClCompile>
    <ClCompile Include="C:\Users\Ev\Desktop\Projects\GoknarEngineEditor\GoknarEngine\Goknar\Source\Goknar\Physics\Components\NonMovingTriangleMeshCollisionComponent.cpp">
      <Filter>Source\Goknar\Physics\Components</Filter>
    </ClCompile>
    <ClCompile Include="C:\Users\Ev\Desktop\Projects\GoknarEngineEditor\GoknarEngine\Goknar\Source\Goknar\Physics\Components\OverlappingTypes.cpp">
      <Filter>Source\Goknar\Physics\Components</Filter>
    </ClCompile>
    <ClCompile Include="C:\Users\Ev\Desktop\Projects\GoknarEngineEditor\GoknarEngine\Goknar\Source\Goknar\Physics\Components\PhysicsMovementComponent.cpp">
      <Filter>Source\Goknar\Physics\Components</Filter>
    </ClCompile>
    <ClCompile Include="C:\Users\Ev\Desktop\Projects\GoknarEngineEditor\GoknarEngine\Goknar\Source\Goknar\Physics\Components\SphereCollisionComponent.cpp">
      <Filter>Source\Goknar\Physics\Components</Filter>
    </ClCompile>
    <ClCompile Include="C:\Users\Ev\Desktop\Projects\GoknarEngineEditor\GoknarEngine\Goknar\Source\Goknar\Renderer\Framebuffer.cpp">
      <Filter>Source\Goknar\Renderer</Filter>
    </ClCompile>
    <ClCompile Include="C:\Users\Ev\Desktop\Projects\GoknarEngineEditor\GoknarEngine\Goknar\Source\Goknar\Renderer\PostProcessing.cpp">
      <Filter>Source\Goknar\Renderer</Filter>
    </ClCompile>
    <ClCompile Include="C:\Users\Ev\Desktop\Projects\GoknarEngineEditor\GoknarEngine\Goknar\Source\Goknar\Renderer\RenderBuffer.cpp">
      <Filter>Source\Goknar\Renderer</Filter>
    </ClCompile>
    <ClCompile Include="C:\Users\Ev\Desktop\Projects\GoknarEngineEditor\GoknarEngine\Goknar\Source\Goknar\Renderer\Renderer.cpp">
      <Filter>Source\Goknar\Renderer</Filter>
    </ClCompile>
    <ClCompile Include="C:\Users\Ev\Desktop\Projects\GoknarEngineEditor\GoknarEngine\Goknar\Source\Goknar\Renderer\Shader.cpp">
      <Filter>Source\Goknar\Renderer</Filter>
    </ClCompile>
    <ClCompile Include="C:\Users\Ev\Desktop\Projects\GoknarEngineEditor\GoknarEngine\Goknar\Source\Goknar\Renderer\ShaderBuilder.cpp">
      <Filter>Source\Goknar\Renderer</Filter>
    </ClCompile>
    <ClCompile Include="C:\Users\Ev\Desktop\Projects\GoknarEngineEditor\GoknarEngine\Goknar\Source\Goknar\Renderer\ShaderBuilderNew.cpp">
      <Filter>Source\Goknar\Renderer</Filter>
    </ClCompile>
    <ClCompile Include="C:\Users\Ev\Desktop\Projects\GoknarEngineEditor\GoknarEngine\Goknar\Source\Goknar\Renderer\ShaderDefaults.cpp">
      <Filter>Source\Goknar\Renderer</Filter>
    </ClCompile>
    <ClCompile Include="C:\Users\Ev\Desktop\Projects\GoknarEngineEditor\GoknarEngine\Goknar\Source\Goknar\Renderer\ShaderTypes.cpp">
      <Filter>Source\Goknar\Renderer</Filter>
    </ClCompile>
    <ClCompile Include="C:\Users\Ev\Desktop\Projects\GoknarEngineEditor\GoknarEngine\Goknar\Source\Goknar\Renderer\Texture.cpp">
      <Filter>Source\Goknar\Renderer</Filter>
    </ClCompile>
    <ClCompile Include="C:\Users\Ev\Desktop\Projects\GoknarEngineEditor\GoknarEngine\Goknar\Source\Goknar\UI\HUD.cpp">
      <Filter>Source\Goknar\UI</Filter>
    </ClCompile>
  </ItemGroup>
  <ItemGroup>
    <ClInclude Include="C:\Users\Ev\Desktop\Projects\GoknarEngineEditor\GoknarEngine\Goknar\Source\Goknar.h">
      <Filter>Source</Filter>
    </ClInclude>
    <ClInclude Include="C:\Users\Ev\Desktop\Projects\GoknarEngineEditor\GoknarEngine\Goknar\Source\pch.h">
      <Filter>Source</Filter>
    </ClInclude>
    <ClInclude Include="C:\Users\Ev\Desktop\Projects\GoknarEngineEditor\GoknarEngine\Goknar\Source\Goknar\Application.h">
      <Filter>Source\Goknar</Filter>
    </ClInclude>
    <ClInclude Include="C:\Users\Ev\Desktop\Projects\GoknarEngineEditor\GoknarEngine\Goknar\Source\Goknar\Camera.h">
      <Filter>Source\Goknar</Filter>
    </ClInclude>
    <ClInclude Include="C:\Users\Ev\Desktop\Projects\GoknarEngineEditor\GoknarEngine\Goknar\Source\Goknar\Color.h">
      <Filter>Source\Goknar</Filter>
    </ClInclude>
    <ClInclude Include="C:\Users\Ev\Desktop\Projects\GoknarEngineEditor\GoknarEngine\Goknar\Source\Goknar\Controller.h">
      <Filter>Source\Goknar</Filter>
    </ClInclude>
    <ClInclude Include="C:\Users\Ev\Desktop\Projects\GoknarEngineEditor\GoknarEngine\Goknar\Source\Goknar\Core.h">
      <Filter>Source\Goknar</Filter>
    </ClInclude>
    <ClInclude Include="C:\Users\Ev\Desktop\Projects\GoknarEngineEditor\GoknarEngine\Goknar\Source\Goknar\Engine.h">
      <Filter>Source\Goknar</Filter>
    </ClInclude>
    <ClInclude Include="C:\Users\Ev\Desktop\Projects\GoknarEngineEditor\GoknarEngine\Goknar\Source\Goknar\GoknarAssert.h">
      <Filter>Source\Goknar</Filter>
    </ClInclude>
    <ClInclude Include="C:\Users\Ev\Desktop\Projects\GoknarEngineEditor\GoknarEngine\Goknar\Source\Goknar\Log.h">
      <Filter>Source\Goknar</Filter>
    </ClInclude>
    <ClInclude Include="C:\Users\Ev\Desktop\Projects\GoknarEngineEditor\GoknarEngine\Goknar\Source\Goknar\ObjectBase.h">
      <Filter>Source\Goknar</Filter>
    </ClInclude>
    <ClInclude Include="C:\Users\Ev\Desktop\Projects\GoknarEngineEditor\GoknarEngine\Goknar\Source\Goknar\Scene.h">
      <Filter>Source\Goknar</Filter>
    </ClInclude>
    <ClInclude Include="C:\Users\Ev\Desktop\Projects\GoknarEngineEditor\GoknarEngine\Goknar\Source\Goknar\TimeDependentObject.h">
      <Filter>Source\Goknar</Filter>
    </ClInclude>
    <ClInclude Include="C:\Users\Ev\Desktop\Projects\GoknarEngineEditor\GoknarEngine\Goknar\Source\Goknar\Timer.h">
      <Filter>Source\Goknar</Filter>
    </ClInclude>
    <ClInclude Include="C:\Users\Ev\Desktop\Projects\GoknarEngineEditor\GoknarEngine\Goknar\Source\Goknar\mainThread.h">
      <Filter>Source\Goknar</Filter>
    </ClInclude>
    <ClInclude Include="C:\Users\Ev\Desktop\Projects\GoknarEngineEditor\GoknarEngine\Goknar\Source\Goknar\Components\CameraComponent.h">
      <Filter>Source\Goknar\Components</Filter>
    </ClInclude>
    <ClInclude Include="C:\Users\Ev\Desktop\Projects\GoknarEngineEditor\GoknarEngine\Goknar\Source\Goknar\Components\Component.h">
      <Filter>Source\Goknar\Components</Filter>
    </ClInclude>
    <ClInclude Include="C:\Users\Ev\Desktop\Projects\GoknarEngineEditor\GoknarEngine\Goknar\Source\Goknar\Components\DynamicMeshComponent.h">
      <Filter>Source\Goknar\Components</Filter>
    </ClInclude>
    <ClInclude Include="C:\Users\Ev\Desktop\Projects\GoknarEngineEditor\GoknarEngine\Goknar\Source\Goknar\Components\MeshComponent.h">
      <Filter>Source\Goknar\Components</Filter>
    </ClInclude>
    <ClInclude Include="C:\Users\Ev\Desktop\Projects\GoknarEngineEditor\GoknarEngine\Goknar\Source\Goknar\Components\RenderComponent.h">
      <Filter>Source\Goknar\Components</Filter>
    </ClInclude>
    <ClInclude Include="C:\Users\Ev\Desktop\Projects\GoknarEngineEditor\GoknarEngine\Goknar\Source\Goknar\Components\SkeletalMeshComponent.h">
      <Filter>Source\Goknar\Components</Filter>
    </ClInclude>
    <ClInclude Include="C:\Users\Ev\Desktop\Projects\GoknarEngineEditor\GoknarEngine\Goknar\Source\Goknar\Components\SocketComponent.h">
      <Filter>Source\Goknar\Components</Filter>
    </ClInclude>
    <ClInclude Include="C:\Users\Ev\Desktop\Projects\GoknarEngineEditor\GoknarEngine\Goknar\Source\Goknar\Components\StaticMeshComponent.h">
      <Filter>Source\Goknar\Components</Filter>
    </ClInclude>
    <ClInclude Include="C:\Users\Ev\Desktop\Projects\GoknarEngineEditor\GoknarEngine\Goknar\Source\Goknar\Contents\Audio.h">
      <Filter>Source\Goknar\Contents</Filter>
    </ClInclude>
    <ClInclude Include="C:\Users\Ev\Desktop\Projects\GoknarEngineEditor\GoknarEngine\Goknar\Source\Goknar\Contents\Content.h">
      <Filter>Source\Goknar\Contents</Filter>
    </ClInclude>
    <ClInclude Include="C:\Users\Ev\Desktop\Projects\GoknarEngineEditor\GoknarEngine\Goknar\Source\Goknar\Contents\Image.h">
      <Filter>Source\Goknar\Contents</Filter>
    </ClInclude>
    <ClInclude Include="C:\Users\Ev\Desktop\Projects\GoknarEngineEditor\GoknarEngine\Goknar\Source\Goknar\Containers\List.h">
      <Filter>Source\Goknar\Containers</Filter>
    </ClInclude>
    <ClInclude Include="C:\Users\Ev\Desktop\Projects\GoknarEngineEditor\GoknarEngine\Goknar\Source\Goknar\Containers\Node.h">
      <Filter>Source\Goknar\Containers</Filter>
    </ClInclude>
    <ClInclude Include="C:\Users\Ev\Desktop\Projects\GoknarEngineEditor\GoknarEngine\Goknar\Source\Goknar\Debug\DebugDrawer.h">
      <Filter>Source\Goknar\Debug</Filter>
    </ClInclude>
    <ClInclude Include="C:\Users\Ev\Desktop\Projects\GoknarEngineEditor\GoknarEngine\Goknar\Source\Goknar\Delegates\ArticleSamples.h">
      <Filter>Source\Goknar\Delegates</Filter>
    </ClInclude>
    <ClInclude Include="C:\Users\Ev\Desktop\Projects\GoknarEngineEditor\GoknarEngine\Goknar\Source\Goknar\Delegates\Benchmark.h">
      <Filter>Source\Goknar\Delegates</Filter>
    </ClInclude>
    <ClInclude Include="C:\Users\Ev\Desktop\Projects\GoknarEngineEditor\GoknarEngine\Goknar\Source\Goknar\Delegates\Delegate.h">
      <Filter>Source\Goknar\Delegates</Filter>
    </ClInclude>
    <ClInclude Include="C:\Users\Ev\Desktop\Projects\GoknarEngineEditor\GoknarEngine\Goknar\Source\Goknar\Delegates\DelegateBase.h">
      <Filter>Source\Goknar\Delegates</Filter>
    </ClInclude>
    <ClInclude Include="C:\Users\Ev\Desktop\Projects\GoknarEngineEditor\GoknarEngine\Goknar\Source\Goknar\Delegates\DelegateDemo.h">
      <Filter>Source\Goknar\Delegates</Filter>
    </ClInclude>
    <ClInclude Include="C:\Users\Ev\Desktop\Projects\GoknarEngineEditor\GoknarEngine\Goknar\Source\Goknar\Delegates\MulticastDelegate.h">
      <Filter>Source\Goknar\Delegates</Filter>
    </ClInclude>
    <ClInclude Include="C:\Users\Ev\Desktop\Projects\GoknarEngineEditor\GoknarEngine\Goknar\Source\Goknar\Delegates\stdafx.h">
      <Filter>Source\Goknar\Delegates</Filter>
    </ClInclude>
    <ClInclude Include="C:\Users\Ev\Desktop\Projects\GoknarEngineEditor\GoknarEngine\Goknar\Source\Goknar\Delegates\targetver.h">
      <Filter>Source\Goknar\Delegates</Filter>
    </ClInclude>
    <ClInclude Include="C:\Users\Ev\Desktop\Projects\GoknarEngineEditor\GoknarEngine\Goknar\Source\Goknar\Editor\Editor.h">
      <Filter>Source\Goknar\Editor</Filter>
    </ClInclude>
    <ClInclude Include="C:\Users\Ev\Desktop\Projects\GoknarEngineEditor\GoknarEngine\Goknar\Source\Goknar\Editor\EditorCameraController.h">
      <Filter>Source\Goknar\Editor</Filter>
    </ClInclude>
    <ClInclude Include="C:\Users\Ev\Desktop\Projects\GoknarEngineEditor\GoknarEngine\Goknar\Source\Goknar\Editor\EditorGroundGrid.h">
      <Filter>Source\Goknar\Editor</Filter>
    </ClInclude>
    <ClInclude Include="C:\Users\Ev\Desktop\Projects\GoknarEngineEditor\GoknarEngine\Goknar\Source\Goknar\Geometry\Box.h">
      <Filter>Source\Goknar\Geometry</Filter>
    </ClInclude>
    <ClInclude Include="C:\Users\Ev\Desktop\Projects\GoknarEngineEditor\GoknarEngine\Goknar\Source\Goknar\Geometry\Rect.h">
      <Filter>Source\Goknar\Geometry</Filter>
    </ClInclude>
    <ClInclude Include="C:\Users\Ev\Desktop\Projects\GoknarEngineEditor\GoknarEngine\Goknar\Source\Goknar\Helpers\SceneParser.h">
      <Filter>Source\Goknar\Helpers</Filter>
    </ClInclude>
    <ClInclude Include="C:\Users\Ev\Desktop\Projects\GoknarEngineEditor\GoknarEngine\Goknar\Source\Goknar\Helpers\tinyxml2.h">
      <Filter>Source\Goknar\Helpers</Filter>
    </ClInclude>
    <ClInclude Include="C:\Users\Ev\Desktop\Projects\GoknarEngineEditor\GoknarEngine\Goknar\Source\Goknar\IO\IOManager.h">
      <Filter>Source\Goknar\IO</Filter>
    </ClInclude>
    <ClInclude Include="C:\Users\Ev\Desktop\Projects\GoknarEngineEditor\GoknarEngine\Goknar\Source\Goknar\IO\ModelLoader.h">
      <Filter>Source\Goknar\IO</Filter>
    </ClInclude>
    <ClInclude Include="C:\Users\Ev\Desktop\Projects\GoknarEngineEditor\GoknarEngine\Goknar\Source\Goknar\Lights\DirectionalLight.h">
      <Filter>Source\Goknar\Lights</Filter>
    </ClInclude>
    <ClInclude Include="C:\Users\Ev\Desktop\Projects\GoknarEngineEditor\GoknarEngine\Goknar\Source\Goknar\Lights\Light.h">
      <Filter>Source\Goknar\Lights</Filter>
    </ClInclude>
    <ClInclude Include="C:\Users\Ev\Desktop\Projects\GoknarEngineEditor\GoknarEngine\Goknar\Source\Goknar\Lights\PointLight.h">
      <Filter>Source\Goknar\Lights</Filter>
    </ClInclude>
    <ClInclude Include="C:\Users\Ev\Desktop\Projects\GoknarEngineEditor\GoknarEngine\Goknar\Source\Goknar\Lights\SpotLight.h">
      <Filter>Source\Goknar\Lights</Filter>
    </ClInclude>
    <ClInclude Include="C:\Users\Ev\Desktop\Projects\GoknarEngineEditor\GoknarEngine\Goknar\Source\Goknar\Lights\LightManager\LightManager.h">
      <Filter>Source\Goknar\Lights\LightManager</Filter>
    </ClInclude>
    <ClInclude Include="C:\Users\Ev\Desktop\Projects\GoknarEngineEditor\GoknarEngine\Goknar\Source\Goknar\Managers\CameraManager.h">
      <Filter>Source\Goknar\Managers</Filter>
    </ClInclude>
    <ClInclude Include="C:\Users\Ev\Desktop\Projects\GoknarEngineEditor\GoknarEngine\Goknar\Source\Goknar\Managers\InputManager.h">
      <Filter>Source\Goknar\Managers</Filter>
    </ClInclude>
    <ClInclude Include="C:\Users\Ev\Desktop\Projects\GoknarEngineEditor\GoknarEngine\Goknar\Source\Goknar\Managers\ObjectIDManager.h">
      <Filter>Source\Goknar\Managers</Filter>
    </ClInclude>
    <ClInclude Include="C:\Users\Ev\Desktop\Projects\GoknarEngineEditor\GoknarEngine\Goknar\Source\Goknar\Managers\ObjectManager.h">
      <Filter>Source\Goknar\Managers</Filter>
    </ClInclude>
    <ClInclude Include="C:\Users\Ev\Desktop\Projects\GoknarEngineEditor\GoknarEngine\Goknar\Source\Goknar\Managers\ResourceManager.h">
      <Filter>Source\Goknar\Managers</Filter>
    </ClInclude>
    <ClInclude Include="C:\Users\Ev\Desktop\Projects\GoknarEngineEditor\GoknarEngine\Goknar\Source\Goknar\Managers\WindowManager.h">
      <Filter>Source\Goknar\Managers</Filter>
    </ClInclude>
    <ClInclude Include="C:\Users\Ev\Desktop\Projects\GoknarEngineEditor\GoknarEngine\Goknar\Source\Goknar\Materials\Material.h">
      <Filter>Source\Goknar\Materials</Filter>
    </ClInclude>
    <ClInclude Include="C:\Users\Ev\Desktop\Projects\GoknarEngineEditor\GoknarEngine\Goknar\Source\Goknar\Materials\MaterialBase.h">
      <Filter>Source\Goknar\Materials</Filter>
    </ClInclude>
    <ClInclude Include="C:\Users\Ev\Desktop\Projects\GoknarEngineEditor\GoknarEngine\Goknar\Source\Goknar\Materials\MaterialInstance.h">
      <Filter>Source\Goknar\Materials</Filter>
    </ClInclude>
    <ClInclude Include="C:\Users\Ev\Desktop\Projects\GoknarEngineEditor\GoknarEngine\Goknar\Source\Goknar\Math\GoknarMath.h">
      <Filter>Source\Goknar\Math</Filter>
    </ClInclude>
    <ClInclude Include="C:\Users\Ev\Desktop\Projects\GoknarEngineEditor\GoknarEngine\Goknar\Source\Goknar\Math\InterpolatingValue.h">
      <Filter>Source\Goknar\Math</Filter>
    </ClInclude>
    <ClInclude Include="C:\Users\Ev\Desktop\Projects\GoknarEngineEditor\GoknarEngine\Goknar\Source\Goknar\Math\MathDefines.h">
      <Filter>Source\Goknar\Math</Filter>
    </ClInclude>
    <ClInclude Include="C:\Users\Ev\Desktop\Projects\GoknarEngineEditor\GoknarEngine\Goknar\Source\Goknar\Math\Matrix.h">
      <Filter>Source\Goknar\Math</Filter>
    </ClInclude>
    <ClInclude Include="C:\Users\Ev\Desktop\Projects\GoknarEngineEditor\GoknarEngine\Goknar\Source\Goknar\Math\Quaternion.h">
      <Filter>Source\Goknar\Math</Filter>
    </ClInclude>
    <ClInclude Include="C:\Users\Ev\Desktop\Projects\GoknarEngineEditor\GoknarEngine\Goknar\Source\Goknar\Model\DynamicMesh.h">
      <Filter>Source\Goknar\Model</Filter>
    </ClInclude>
    <ClInclude Include="C:\Users\Ev\Desktop\Projects\GoknarEngineEditor\GoknarEngine\Goknar\Source\Goknar\Model\DynamicMeshInstance.h">
      <Filter>Source\Goknar\Model</Filter>
    </ClInclude>
    <ClInclude Include="C:\Users\Ev\Desktop\Projects\GoknarEngineEditor\GoknarEngine\Goknar\Source\Goknar\Model\IMeshInstance.h">
      <Filter>Source\Goknar\Model</Filter>
    </ClInclude>
    <ClInclude Include="C:\Users\Ev\Desktop\Projects\GoknarEngineEditor\GoknarEngine\Goknar\Source\Goknar\Model\Mesh.h">
      <Filter>Source\Goknar\Model</Filter>
    </ClInclude>
    <ClInclude Include="C:\Users\Ev\Desktop\Projects\GoknarEngineEditor\GoknarEngine\Goknar\Source\Goknar\Model\MeshUnit.h">
      <Filter>Source\Goknar\Model</Filter>
    </ClInclude>
    <ClInclude Include="C:\Users\Ev\Desktop\Projects\GoknarEngineEditor\GoknarEngine\Goknar\Source\Goknar\Model\SkeletalMesh.h">
      <Filter>Source\Goknar\Model</Filter>
    </ClInclude>
    <ClInclude Include="C:\Users\Ev\Desktop\Projects\GoknarEngineEditor\GoknarEngine\Goknar\Source\Goknar\Model\SkeletalMeshInstance.h">
      <Filter>Source\Goknar\Model</Filter>
    </ClInclude>
    <ClInclude Include="C:\Users\Ev\Desktop\Projects\GoknarEngineEditor\GoknarEngine\Goknar\Source\Goknar\Model\StaticMesh.h">
      <Filter>Source\Goknar\Model</Filter>
    </ClInclude>
    <ClInclude Include="C:\Users\Ev\Desktop\Projects\GoknarEngineEditor\GoknarEngine\Goknar\Source\Goknar\Model\StaticMeshInstance.h">
      <Filter>Source\Goknar\Model</Filter>
    </ClInclude>
    <ClInclude Include="C:\Users\Ev\Desktop\Projects\GoknarEngineEditor\GoknarEngine\Goknar\Source\Goknar\Physics\Character.h">
      <Filter>Source\Goknar\Physics</Filter>
    </ClInclude>
    <ClInclude Include="C:\Users\Ev\Desktop\Projects\GoknarEngineEditor\GoknarEngine\Goknar\Source\Goknar\Physics\OverlappingPhysicsObject.h">
      <Filter>Source\Goknar\Physics</Filter>
    </ClInclude>
    <ClInclude Include="C:\Users\Ev\Desktop\Projects\GoknarEngineEditor\GoknarEngine\Goknar\Source\Goknar\Physics\PhysicsDebugger.h">
      <Filter>Source\Goknar\Physics</Filter>
    </ClInclude>
    <ClInclude Include="C:\Users\Ev\Desktop\Projects\GoknarEngineEditor\GoknarEngine\Goknar\Source\Goknar\Physics\PhysicsObject.h">
      <Filter>Source\Goknar\Physics</Filter>
    </ClInclude>
    <ClInclude Include="C:\Users\Ev\Desktop\Projects\GoknarEngineEditor\GoknarEngine\Goknar\Source\Goknar\Physics\PhysicsTypes.h">
      <Filter>Source\Goknar\Physics</Filter>
    </ClInclude>
    <ClInclude Include="C:\Users\Ev\Desktop\Projects\GoknarEngineEditor\GoknarEngine\Goknar\Source\Goknar\Physics\PhysicsUtils.h">
      <Filter>Source\Goknar\Physics</Filter>
    </ClInclude>
    <ClInclude Include="C:\Users\Ev\Desktop\Projects\GoknarEngineEditor\GoknarEngine\Goknar\Source\Goknar\Physics\PhysicsWorld.h">
      <Filter>Source\Goknar\Physics</Filter>
    </ClInclude>
    <ClInclude Include="C:\Users\Ev\Desktop\Projects\GoknarEngineEditor\GoknarEngine\Goknar\Source\Goknar\Physics\RigidBody.h">
      <Filter>Source\Goknar\Physics</Filter>
    </ClInclude>
    <ClInclude Include="C:\Users\Ev\Desktop\Projects\GoknarEngineEditor\GoknarEngine\Goknar\Source\Goknar\Physics\Components\BoxCollisionComponent.h">
      <Filter>Source\Goknar\Physics\Components</Filter>
    </ClInclude>
    <ClInclude Include="C:\Users\Ev\Desktop\Projects\GoknarEngineEditor\GoknarEngine\Goknar\Source\Goknar\Physics\Components\CapsuleCollisionComponent.h">
      <Filter>Source\Goknar\Physics\Components</Filter>
    </ClInclude>
    <ClInclude Include="C:\Users\Ev\Desktop\Projects\GoknarEngineEditor\GoknarEngine\Goknar\Source\Goknar\Physics\Components\CollisionComponent.h">
      <Filter>Source\Goknar\Physics\Components</Filter>
    </ClInclude>
    <ClInclude Include="C:\Users\Ev\Desktop\Projects\GoknarEngineEditor\GoknarEngine\Goknar\Source\Goknar\Physics\Components\MovingTriangleMeshCollisionComponent.h">
      <Filter>Source\Goknar\Physics\Components</Filter>
    </ClInclude>
    <ClInclude Include="C:\Users\Ev\Desktop\Projects\GoknarEngineEditor\GoknarEngine\Goknar\Source\Goknar\Physics\Components\MultipleCollisionComponent.h">
      <Filter>Source\Goknar\Physics\Components</Filter>
    </ClInclude>
    <ClInclude Include="C:\Users\Ev\Desktop\Projects\GoknarEngineEditor\GoknarEngine\Goknar\Source\Goknar\Physics\Components\NonMovingTriangleMeshCollisionComponent.h">
      <Filter>Source\Goknar\Physics\Components</Filter>
    </ClInclude>
    <ClInclude Include="C:\Users\Ev\Desktop\Projects\GoknarEngineEditor\GoknarEngine\Goknar\Source\Goknar\Physics\Components\OverlappingTypes.h">
      <Filter>Source\Goknar\Physics\Components</Filter>
    </ClInclude>
    <ClInclude Include="C:\Users\Ev\Desktop\Projects\GoknarEngineEditor\GoknarEngine\Goknar\Source\Goknar\Physics\Components\PhysicsMovementComponent.h">
      <Filter>Source\Goknar\Physics\Components</Filter>
    </ClInclude>
    <ClInclude Include="C:\Users\Ev\Desktop\Projects\GoknarEngineEditor\GoknarEngine\Goknar\Source\Goknar\Physics\Components\SphereCollisionComponent.h">
      <Filter>Source\Goknar\Physics\Components</Filter>
    </ClInclude>
    <ClInclude Include="C:\Users\Ev\Desktop\Projects\GoknarEngineEditor\GoknarEngine\Goknar\Source\Goknar\Renderer\Framebuffer.h">
      <Filter>Source\Goknar\Renderer</Filter>
    </ClInclude>
    <ClInclude Include="C:\Users\Ev\Desktop\Projects\GoknarEngineEditor\GoknarEngine\Goknar\Source\Goknar\Renderer\PostProcessing.h">
      <Filter>Source\Goknar\Renderer</Filter>
    </ClInclude>
    <ClInclude Include="C:\Users\Ev\Desktop\Projects\GoknarEngineEditor\GoknarEngine\Goknar\Source\Goknar\Renderer\RenderBuffer.h">
      <Filter>Source\Goknar\Renderer</Filter>
    </ClInclude>
    <ClInclude Include="C:\Users\Ev\Desktop\Projects\GoknarEngineEditor\GoknarEngine\Goknar\Source\Goknar\Renderer\Renderer.h">
      <Filter>Source\Goknar\Renderer</Filter>
    </ClInclude>
    <ClInclude Include="C:\Users\Ev\Desktop\Projects\GoknarEngineEditor\GoknarEngine\Goknar\Source\Goknar\Renderer\Shader.h">
      <Filter>Source\Goknar\Renderer</Filter>
    </ClInclude>
    <ClInclude Include="C:\Users\Ev\Desktop\Projects\GoknarEngineEditor\GoknarEngine\Goknar\Source\Goknar\Renderer\ShaderBuilder.h">
      <Filter>Source\Goknar\Renderer</Filter>
    </ClInclude>
    <ClInclude Include="C:\Users\Ev\Desktop\Projects\GoknarEngineEditor\GoknarEngine\Goknar\Source\Goknar\Renderer\ShaderBuilderNew.h">
      <Filter>Source\Goknar\Renderer</Filter>
    </ClInclude>
    <ClInclude Include="C:\Users\Ev\Desktop\Projects\GoknarEngineEditor\GoknarEngine\Goknar\Source\Goknar\Renderer\ShaderDefaults.h">
      <Filter>Source\Goknar\Renderer</Filter>
    </ClInclude>
    <ClInclude Include="C:\Users\Ev\Desktop\Projects\GoknarEngineEditor\GoknarEngine\Goknar\Source\Goknar\Renderer\ShaderTypes.h">
      <Filter>Source\Goknar\Renderer</Filter>
    </ClInclude>
    <ClInclude Include="C:\Users\Ev\Desktop\Projects\GoknarEngineEditor\GoknarEngine\Goknar\Source\Goknar\Renderer\Texture.h">
      <Filter>Source\Goknar\Renderer</Filter>
    </ClInclude>
    <ClInclude Include="C:\Users\Ev\Desktop\Projects\GoknarEngineEditor\GoknarEngine\Goknar\Source\Goknar\Renderer\Types.h">
      <Filter>Source\Goknar\Renderer</Filter>
    </ClInclude>
    <ClInclude Include="C:\Users\Ev\Desktop\Projects\GoknarEngineEditor\GoknarEngine\Goknar\Source\Goknar\Renderer\MaterialEditor\MaterialEditorNode.h">
      <Filter>Source\Goknar\Renderer\MaterialEditor</Filter>
    </ClInclude>
    <ClInclude Include="C:\Users\Ev\Desktop\Projects\GoknarEngineEditor\GoknarEngine\Goknar\Source\Goknar\UI\HUD.h">
      <Filter>Source\Goknar\UI</Filter>
    </ClInclude>
    <ClInclude Include="C:\Users\Ev\Desktop\Projects\GoknarEngineEditor\Build_Debug\Goknar\CMakeFiles\GOKNAR.dir\Debug\cmake_pch.hxx">
      <Filter>Precompile Header File</Filter>
    </ClInclude>
    <ClInclude Include="C:\Users\Ev\Desktop\Projects\GoknarEngineEditor\Build_Debug\Goknar\CMakeFiles\GOKNAR.dir\Release\cmake_pch.hxx">
      <Filter>Precompile Header File</Filter>
    </ClInclude>
    <ClInclude Include="C:\Users\Ev\Desktop\Projects\GoknarEngineEditor\Build_Debug\Goknar\CMakeFiles\GOKNAR.dir\MinSizeRel\cmake_pch.hxx">
      <Filter>Precompile Header File</Filter>
    </ClInclude>
    <ClInclude Include="C:\Users\Ev\Desktop\Projects\GoknarEngineEditor\Build_Debug\Goknar\CMakeFiles\GOKNAR.dir\RelWithDebInfo\cmake_pch.hxx">
      <Filter>Precompile Header File</Filter>
    </ClInclude>
  </ItemGroup>
  <ItemGroup>
    <CustomBuild Include="C:\Users\Ev\Desktop\Projects\GoknarEngineEditor\GoknarEngine\Goknar\CMakeLists.txt" />
  </ItemGroup>
  <ItemGroup>
    <None Include="C:\Users\Ev\Desktop\Projects\GoknarEngineEditor\GoknarEngine\Goknar\Source\Goknar\Components">
      <Filter>Source\Goknar</Filter>
    </None>
    <None Include="C:\Users\Ev\Desktop\Projects\GoknarEngineEditor\GoknarEngine\Goknar\Source\Goknar\Containers">
      <Filter>Source\Goknar</Filter>
    </None>
    <None Include="C:\Users\Ev\Desktop\Projects\GoknarEngineEditor\GoknarEngine\Goknar\Source\Goknar\Contents">
      <Filter>Source\Goknar</Filter>
    </None>
    <None Include="C:\Users\Ev\Desktop\Projects\GoknarEngineEditor\GoknarEngine\Goknar\Source\Goknar\Debug">
      <Filter>Source\Goknar</Filter>
    </None>
    <None Include="C:\Users\Ev\Desktop\Projects\GoknarEngineEditor\GoknarEngine\Goknar\Source\Goknar\Delegates">
      <Filter>Source\Goknar</Filter>
    </None>
    <None Include="C:\Users\Ev\Desktop\Projects\GoknarEngineEditor\GoknarEngine\Goknar\Source\Goknar\Editor">
      <Filter>Source\Goknar</Filter>
    </None>
    <None Include="C:\Users\Ev\Desktop\Projects\GoknarEngineEditor\GoknarEngine\Goknar\Source\Goknar\Geometry">
      <Filter>Source\Goknar</Filter>
    </None>
    <None Include="C:\Users\Ev\Desktop\Projects\GoknarEngineEditor\GoknarEngine\Goknar\Source\Goknar\Helpers">
      <Filter>Source\Goknar</Filter>
    </None>
    <None Include="C:\Users\Ev\Desktop\Projects\GoknarEngineEditor\GoknarEngine\Goknar\Source\Goknar\IO">
      <Filter>Source\Goknar</Filter>
    </None>
    <None Include="C:\Users\Ev\Desktop\Projects\GoknarEngineEditor\GoknarEngine\Goknar\Source\Goknar\Lights">
      <Filter>Source\Goknar</Filter>
    </None>
    <None Include="C:\Users\Ev\Desktop\Projects\GoknarEngineEditor\GoknarEngine\Goknar\Source\Goknar\Managers">
      <Filter>Source\Goknar</Filter>
    </None>
    <None Include="C:\Users\Ev\Desktop\Projects\GoknarEngineEditor\GoknarEngine\Goknar\Source\Goknar\Materials">
      <Filter>Source\Goknar</Filter>
    </None>
    <None Include="C:\Users\Ev\Desktop\Projects\GoknarEngineEditor\GoknarEngine\Goknar\Source\Goknar\Math">
      <Filter>Source\Goknar</Filter>
    </None>
    <None Include="C:\Users\Ev\Desktop\Projects\GoknarEngineEditor\GoknarEngine\Goknar\Source\Goknar\Model">
      <Filter>Source\Goknar</Filter>
    </None>
    <None Include="C:\Users\Ev\Desktop\Projects\GoknarEngineEditor\GoknarEngine\Goknar\Source\Goknar\Physics">
      <Filter>Source\Goknar</Filter>
    </None>
    <None Include="C:\Users\Ev\Desktop\Projects\GoknarEngineEditor\GoknarEngine\Goknar\Source\Goknar\Renderer">
      <Filter>Source\Goknar</Filter>
    </None>
    <None Include="C:\Users\Ev\Desktop\Projects\GoknarEngineEditor\GoknarEngine\Goknar\Source\Goknar\UI">
      <Filter>Source\Goknar</Filter>
    </None>
    <None Include="C:\Users\Ev\Desktop\Projects\GoknarEngineEditor\GoknarEngine\Goknar\Source\Goknar\Components\Deprecate_2D">
      <Filter>Source\Goknar\Components</Filter>
    </None>
    <None Include="C:\Users\Ev\Desktop\Projects\GoknarEngineEditor\GoknarEngine\Goknar\Source\Goknar\Lights\LightManager">
      <Filter>Source\Goknar\Lights</Filter>
    </None>
    <None Include="C:\Users\Ev\Desktop\Projects\GoknarEngineEditor\GoknarEngine\Goknar\Source\Goknar\Model\Deprecate_2D">
      <Filter>Source\Goknar\Model</Filter>
    </None>
    <None Include="C:\Users\Ev\Desktop\Projects\GoknarEngineEditor\GoknarEngine\Goknar\Source\Goknar\Physics\Components">
      <Filter>Source\Goknar\Physics</Filter>
    </None>
    <None Include="C:\Users\Ev\Desktop\Projects\GoknarEngineEditor\GoknarEngine\Goknar\Source\Goknar\Renderer\MaterialEditor">
      <Filter>Source\Goknar\Renderer</Filter>
    </None>
  </ItemGroup>
  <ItemGroup>
    <Filter Include="Precompile Header File">
      <UniqueIdentifier>{BEDB3F3D-3AAA-304E-9526-DE2086C6198B}</UniqueIdentifier>
    </Filter>
    <Filter Include="Source">
      <UniqueIdentifier>{08B17B97-4095-3DCF-855B-C7C541AE49E9}</UniqueIdentifier>
    </Filter>
    <Filter Include="Source Files">
      <UniqueIdentifier>{2B47CD3F-0534-3E0D-B003-524CF2BBF690}</UniqueIdentifier>
    </Filter>
    <Filter Include="Source\Goknar">
      <UniqueIdentifier>{2BFC360D-1E20-3F88-96EC-10C38C585001}</UniqueIdentifier>
    </Filter>
    <Filter Include="Source\Goknar\Components">
      <UniqueIdentifier>{368E8BE3-901C-3874-B15F-7375BF45F5F2}</UniqueIdentifier>
    </Filter>
    <Filter Include="Source\Goknar\Containers">
      <UniqueIdentifier>{53C497FE-8620-3753-8B19-D02C81EC936B}</UniqueIdentifier>
    </Filter>
    <Filter Include="Source\Goknar\Contents">
      <UniqueIdentifier>{BC2FA5FB-3908-3161-99DC-67CF878455AB}</UniqueIdentifier>
    </Filter>
    <Filter Include="Source\Goknar\Debug">
      <UniqueIdentifier>{8B9902F0-9A4E-388A-9728-C972E644A5EC}</UniqueIdentifier>
    </Filter>
    <Filter Include="Source\Goknar\Delegates">
      <UniqueIdentifier>{5334C844-9C9D-3483-94E4-BAFAAC3E02B3}</UniqueIdentifier>
    </Filter>
    <Filter Include="Source\Goknar\Editor">
      <UniqueIdentifier>{BA331E3B-3381-38A1-ACA6-DE93A5A33863}</UniqueIdentifier>
    </Filter>
    <Filter Include="Source\Goknar\Geometry">
      <UniqueIdentifier>{F2ED6810-8D82-377C-B57D-F49ABC67BE10}</UniqueIdentifier>
    </Filter>
    <Filter Include="Source\Goknar\Helpers">
      <UniqueIdentifier>{0FBD3F44-0775-349A-981F-CB3BB68FE314}</UniqueIdentifier>
    </Filter>
    <Filter Include="Source\Goknar\IO">
      <UniqueIdentifier>{8D8784D4-0DE7-35F6-8559-4087E6925348}</UniqueIdentifier>
    </Filter>
    <Filter Include="Source\Goknar\Lights">
      <UniqueIdentifier>{423D8C96-D0E9-3FCF-BD2B-0DBAB185EABF}</UniqueIdentifier>
    </Filter>
    <Filter Include="Source\Goknar\Lights\LightManager">
      <UniqueIdentifier>{747593D7-103E-32B7-8440-E8A46D010DE4}</UniqueIdentifier>
    </Filter>
    <Filter Include="Source\Goknar\Managers">
      <UniqueIdentifier>{3FB33CB8-2671-32D5-B156-2C7E378B6467}</UniqueIdentifier>
    </Filter>
    <Filter Include="Source\Goknar\Materials">
      <UniqueIdentifier>{9F04C785-91FA-3D7C-BF56-7DCAA5E7F78B}</UniqueIdentifier>
    </Filter>
    <Filter Include="Source\Goknar\Math">
      <UniqueIdentifier>{FB2E9B8D-4691-3A65-9726-CDC1FEBC5252}</UniqueIdentifier>
    </Filter>
    <Filter Include="Source\Goknar\Model">
      <UniqueIdentifier>{0263E086-CBB4-3902-AA22-0A812586B5B3}</UniqueIdentifier>
    </Filter>
    <Filter Include="Source\Goknar\Physics">
      <UniqueIdentifier>{9418B571-E833-36A5-BA36-3DB67F5C86E9}</UniqueIdentifier>
    </Filter>
    <Filter Include="Source\Goknar\Physics\Components">
      <UniqueIdentifier>{90F14FEC-517E-3673-A189-6E12B5ED10A4}</UniqueIdentifier>
    </Filter>
    <Filter Include="Source\Goknar\Renderer">
      <UniqueIdentifier>{4873C68C-2BA7-3F16-B336-911D53EA0925}</UniqueIdentifier>
    </Filter>
    <Filter Include="Source\Goknar\Renderer\MaterialEditor">
      <UniqueIdentifier>{7D671413-1E4F-31A6-8CE1-7D19437DB39E}</UniqueIdentifier>
    </Filter>
    <Filter Include="Source\Goknar\UI">
      <UniqueIdentifier>{47BDB59A-6923-3ACF-926C-09AD61351B10}</UniqueIdentifier>
    </Filter>
  </ItemGroup>
</Project>
